
Microsoft Visual Studio Solution File, Format Version 12.00
# Visual Studio 15
VisualStudioVersion = 15.0.26730.8
MinimumVisualStudioVersion = 10.0.40219.1
Project("{FAE04EC0-301F-11D3-BF4B-00C04F79EFBC}") = "AppserviceDemo", "AppserviceDemo\AppserviceDemo.csproj", "{D8DC8A79-AD47-494B-B12E-C1EA6D107255}"
EndProject
Global
	GlobalSection(SolutionConfigurationPlatforms) = preSolution
		Debug|Any CPU = Debug|Any CPU
		Release|Any CPU = Release|Any CPU
	EndGlobalSection
	GlobalSection(ProjectConfigurationPlatforms) = postSolution
		{D8DC8A79-AD47-494B-B12E-C1EA6D107255}.Debug|Any CPU.ActiveCfg = Debug|Any CPU
		{D8DC8A79-AD47-494B-B12E-C1EA6D107255}.Debug|Any CPU.Build.0 = Debug|Any CPU
		{D8DC8A79-AD47-494B-B12E-C1EA6D107255}.Release|Any CPU.ActiveCfg = Release|Any CPU
		{D8DC8A79-AD47-494B-B12E-C1EA6D107255}.Release|Any CPU.Build.0 = Release|Any CPU
	EndGlobalSection
	GlobalSection(SolutionProperties) = preSolution
		HideSolutionNode = FALSE
	EndGlobalSection
	GlobalSection(ExtensibilityGlobals) = postSolution
		SolutionGuid = {1EE6E5B8-ADEB-4D4D-8CF8-FAD9D393E53E}
	EndGlobalSection
EndGlobal
